[[package]]
category = "dev"
description = "A Python utility / library to sort Python imports."
name = "isort"
optional = false
python-versions = ">=3.6,<4.0"
version = "5.4.2"

[metadata]
content-hash = "3fc80f8644eb888244d8acf5c3c07e650518fbb115668065b1583adc9eaee7da"
python-versions = "^3.7"

[metadata.hashes]
isort = ["60a1b97e33f61243d12647aaaa3e6cc6778f5eb9f42997650f1cc975b6008750", "d488ba1c5a2db721669cc180180d5acf84ebdc5af7827f7aaeaa75f73cf0e2b8"]
